schema_version = '1'

[files]
[files.'.dcignore']
last_sync_time = '2026-06-03T03:27:40Z'
source_hash = ''
dest_hash = 'sha256:282c7fc34732562d213ddada4d821d5190ff33ff01cefebbc239296f7821d440'

[files.'.editorconfig']
last_sync_time = '2026-06-03T03:27:40Z'
source_hash = ''
dest_hash = 'sha256:120cb8f37c1723f439a4ec9aa4e639b2015d9224d62eef41a8aaa718911807ea'

[files.'.git-blame-ignore-revs']
last_sync_time = '2026-06-01T19:58:52Z'
source_hash = ''
dest_hash = 'sha256:3bec63195a5ab3ff6069b0b8f34fd3570238693d1f9f433f10fb87d7ce8d503d'

[files.'.gitattributes']
last_sync_time = '2026-06-03T03:27:40Z'
source_hash = ''
dest_hash = 'sha256:88bc7cdd653f141ad69074980ea2aab33409c2139a2f14de16fd6bc6e54c3817'

[files.'.github/CODEOWNERS']
last_sync_time = '2026-06-01T19:58:52Z'
source_hash = ''
dest_hash = 'sha256:0370fa79804d2f4734c02214b9929a035d8682cede2631beab242512df95bc7c'

[files.'.github/ISSUE_TEMPLATE/']
last_sync_time = '2026-06-01T19:58:52Z'
source_hash = ''
dest_hash = 'dir:initialized'

[files.'.github/dco.yml']
last_sync_time = '2026-06-01T19:58:52Z'
source_hash = ''
dest_hash = 'sha256:7dd87ff71dc8fb0b8e4687260c3be516c01945b385d52bc80886480d511b6d13'

[files.'.github/dependabot.yml']
last_sync_time = '2026-06-01T19:58:52Z'
source_hash = ''
dest_hash = 'sha256:2dedc8ecf59f2b09c413c6bac73646d1a1a5a6f358a7a5f72136488288f184ca'

[files.'.github/workflows/update-on-push.yml']
last_sync_time = '2026-06-11T19:33:00Z'
source_hash = ''
dest_hash = 'sha256:573b080c7f45f3c4e85e4b81408c1d53af0c2fec7803be109c8d5d9fb043d38d'

[files.'.gommit.toml']
last_sync_time = '2026-06-03T03:27:40Z'
source_hash = ''
dest_hash = 'sha256:8b99cde1f1b1b81c0e067c5d6953dd5c7e850e7978c6a3fcfc3af62574c5463e'

[files.'.kiro/steering/markdown-style.md']
last_sync_time = '2026-06-03T03:27:40Z'
source_hash = ''
dest_hash = 'sha256:69725397b647b04784294624cba1a0af894a0a09c70380f74a2fe6e946cc0638'

[files.'.kiro/steering/python-code-conventions.md']
last_sync_time = '2026-06-03T03:27:40Z'
source_hash = ''
dest_hash = 'sha256:7ac52005ff98698eedb4f14b3370039dbc51e0822282ea14c1a51867983c928f'

[files.'.kirograph/']
last_sync_time = '2026-06-01T19:58:52Z'
source_hash = ''
dest_hash = 'dir:initialized'

[files.'.rumdl.toml']
last_sync_time = '2026-06-11T19:33:00Z'
source_hash = ''
dest_hash = 'sha256:a35b7e935b206a5a33987a3e82a4ba5dc6e259d7508183d95ea9e32fd1728d82'

[files.'.shellcheckrc']
last_sync_time = '2026-06-03T03:27:40Z'
source_hash = ''
dest_hash = 'sha256:64f0be43f9a3a049d5e56951767113f21900269f1f4ac33a63f9d19111142352'

[files.'.taplo.toml']
last_sync_time = '2026-06-03T03:27:40Z'
source_hash = ''
dest_hash = 'sha256:b3970b7b1f24788e84b48b2ff7327d2a956fbe9d250f37b07976926054791432'

[files.'.trivyignore']
last_sync_time = '2026-06-01T19:58:52Z'
source_hash = ''
dest_hash = 'sha256:918c071d276f59e46cc0d08544c3dc43f12426c192456d8bdf0ec4213629f446'

[files.'.vscode/README.md']
last_sync_time = '2026-06-01T19:58:52Z'
source_hash = ''
dest_hash = 'sha256:d622d7189f6a48cbdb4e298ac0ac23e2801639d40c91d4b06eec4923b6ad11dc'

[files.'.vscode/extensions-python.toml']
last_sync_time = '2026-06-11T19:32:43Z'
source_hash = ''
dest_hash = 'sha256:fc1a765c96c53b949d5ecd5892627b4da902a23575aadcd3f848006f57482d30'

[files.'.vscode/extensions-standard.toml']
last_sync_time = '2026-06-11T19:33:00Z'
source_hash = ''
dest_hash = 'sha256:ff4e4e2669c8c5899efabb50c6ff15ada0344d619e7246c9fe222b3493b5e175'

[files.'.vscode/extensions.sh']
last_sync_time = '2026-06-01T19:58:52Z'
source_hash = ''
dest_hash = 'sha256:d525ead29cc7ddab318b5376924a61171fa7da3cdfa7d69203dacbf297eb2976'

[files.'.vscode/settings-llm.toml']
last_sync_time = '2026-06-03T03:27:40Z'
source_hash = ''
dest_hash = 'sha256:8a6f92cdea30d6c0b3b797f1541cbac5910dec52a07ff6c27b0134c41cb2e871'

[files.'.vscode/settings-python.toml']
last_sync_time = '2026-06-11T20:32:33Z'
source_hash = ''
dest_hash = 'sha256:369aeb4d1b9783a8d556d15e9345c9a112afede570041e9c3007a7cef6305799'

[files.'.vscode/settings-ros.toml']
last_sync_time = '2026-06-03T03:27:40Z'
source_hash = ''
dest_hash = 'sha256:4390e4b17740e84c594b9ca41ec20d4319cfed464612e5ebfbe7e1a2b9bdea60'

[files.'.vscode/settings-standard.toml']
last_sync_time = '2026-06-11T19:33:01Z'
source_hash = ''
dest_hash = 'sha256:331047e03c74dfc148af1da81578497e786e763d75eb76f693e04a7e608ce57e'

[files.'.vscode/settings.sh']
last_sync_time = '2026-06-01T19:58:52Z'
source_hash = ''
dest_hash = 'sha256:40f8b9893bfc72b3efff1f2fe0c30f99387d6d7c39adfe0c581c419b95efa425'

[files.'.yamlfmt.yml']
last_sync_time = '2026-06-01T19:58:52Z'
source_hash = ''
dest_hash = 'sha256:976dc44e80ad09b5dc28fc020566782e9f9845371091f540b64628592f92c291'

[files.'Taskfile.dist.yml']
last_sync_time = '2026-06-11T20:32:33Z'
source_hash = ''
dest_hash = 'sha256:48bdcc8f3f6cdfe2f29207d4002f4f353cc40a9e58b1c81fe92be4dc2a8b822d'

[files.'cliff.toml']
last_sync_time = '2026-06-11T20:32:33Z'
source_hash = ''
dest_hash = 'sha256:0be90da0e04eceb884a4034bfcd21b9543e76b179a15c688ae2b31681cea4861'

[files.'ecrc.toml']
last_sync_time = '2026-06-11T19:33:01Z'
source_hash = ''
dest_hash = 'sha256:df1324f05e08ace4c6b6c309b712a3d74e589f80f504941b6cb8ea94b36ab6ed'

[files.'hk.pkl']
last_sync_time = '2026-06-03T03:27:40Z'
source_hash = ''
dest_hash = 'sha256:7dcd50005fac2624780b77ddcae2bb92acc3954396a7e1c8404c2edb0ada8ab8'

[files.'lychee.toml']
last_sync_time = '2026-06-11T20:32:33Z'
source_hash = ''
dest_hash = 'sha256:f40d86a108aa46096534fc0bc0bf1a6cc45d6e771efb82b43b75986126fc0db6'

[files.'osv-scanner.toml']
last_sync_time = '2026-06-01T19:58:52Z'
source_hash = ''
dest_hash = 'sha256:6dde1b2be039f8f81a099414f8e03802d5c55713cabac8bddba091892a9afd46'

[files.'ruff.toml']
last_sync_time = '2026-06-03T03:27:40Z'
source_hash = ''
dest_hash = 'sha256:925d4e53f3edde7748f2550a63e03d54aad90ac6ce0cbf8839c023b502a8e5ed'

[files.'scripts/generate-contributors.sh']
last_sync_time = '2026-06-11T20:32:33Z'
source_hash = ''
dest_hash = 'sha256:a15d99707ef6e2b67bfc450e2c8a772d7a4b5753eb242328c6b26e896b6272be'

[files.'tools/Brewfile.standard']
last_sync_time = '2026-06-11T20:32:33Z'
source_hash = ''
dest_hash = 'sha256:83b620e9314560ae81803d3ad26d651c753f272ce660d47ff46eb3c1f59355cf'

[files.'tools/Taskfile.admin.yml']
last_sync_time = '2026-06-01T19:58:53Z'
source_hash = ''
dest_hash = 'sha256:a051208ee7a4fb678bd6087bb457a6db2c032dded0d42dcc5711d5958c14fe42'

[files.'tools/Taskfile.gitconfig.yml']
last_sync_time = '2026-06-03T03:27:40Z'
source_hash = ''
dest_hash = 'sha256:9cec8f98d69082fe0ee64561040aac7d45fc2ddd9c9a32935d4f230cd0770bb5'

[files.'tools/Taskfile.internal.yml']
last_sync_time = '2026-06-03T03:27:40Z'
source_hash = ''
dest_hash = 'sha256:68308208fc2469cf31af812a1bb854fa6a1c5d9ccd9fb86f02bbce76b9252847'

[files.'tools/Taskfile.python.yml']
last_sync_time = '2026-06-11T20:32:33Z'
source_hash = ''
dest_hash = 'sha256:51cb2fd68aa41452b032540e863668e01cdedc9ac4d5df7060bb1b24dcd9aa78'

[files.'tools/ogvs.config.yaml']
last_sync_time = '2026-06-03T03:27:40Z'
source_hash = ''
dest_hash = 'sha256:9d73bf69dc01d7ab0b571a4caf3ac1cc092fd053440855f3d322a2fbf05f8c0c'

[files.'trivy-license.yaml']
last_sync_time = '2026-06-03T03:27:40Z'
source_hash = ''
dest_hash = 'sha256:474ffe4049c40354708e12c51d87ef3b1692de5aa26351c9fd9956a431b7390e'

[files.'trivy-vuln.yaml']
last_sync_time = '2026-06-03T03:27:40Z'
source_hash = ''
dest_hash = 'sha256:5a4cf755416da735cf71fba08e55953dcf178beae08a7153fd029b8eeb8b5f72'
