schema_version = '1'

[files]
[files.'.git-blame-ignore-revs']
last_sync_time = '2026-06-01T19:58:52Z'
source_hash = ''
dest_hash = 'sha256:3bec63195a5ab3ff6069b0b8f34fd3570238693d1f9f433f10fb87d7ce8d503d'

[files.'.github/CODEOWNERS']
last_sync_time = '2026-06-01T19:58:52Z'
source_hash = ''
dest_hash = 'sha256:0370fa79804d2f4734c02214b9929a035d8682cede2631beab242512df95bc7c'

[files.'.github/ISSUE_TEMPLATE/']
last_sync_time = '2026-06-01T19:58:52Z'
source_hash = ''
dest_hash = 'dir:initialized'

[files.'.github/dco.yml']
last_sync_time = '2026-06-01T19:58:52Z'
source_hash = ''
dest_hash = 'sha256:7dd87ff71dc8fb0b8e4687260c3be516c01945b385d52bc80886480d511b6d13'

[files.'.github/dependabot.yml']
last_sync_time = '2026-06-01T19:58:52Z'
source_hash = ''
dest_hash = 'sha256:2dedc8ecf59f2b09c413c6bac73646d1a1a5a6f358a7a5f72136488288f184ca'

[files.'.github/workflows/update-on-push.yml']
last_sync_time = '2026-06-01T23:02:05Z'
source_hash = ''
dest_hash = 'sha256:8627101fed7d5ab895ba37a9f07adb3f5af14f2279382fac1ac12db6b1ffea7f'

[files.'.kirograph/']
last_sync_time = '2026-06-01T19:58:52Z'
source_hash = ''
dest_hash = 'dir:initialized'

[files.'.taplo.toml']
last_sync_time = '2026-06-01T19:58:52Z'
source_hash = ''
dest_hash = 'sha256:b13a8fa7b9904b47331b6bf49cbdd913dcef25db116765aa946da9e12c502c15'

[files.'.trivyignore']
last_sync_time = '2026-06-01T19:58:52Z'
source_hash = ''
dest_hash = 'sha256:918c071d276f59e46cc0d08544c3dc43f12426c192456d8bdf0ec4213629f446'

[files.'.vscode/README.md']
last_sync_time = '2026-06-01T19:58:52Z'
source_hash = ''
dest_hash = 'sha256:d622d7189f6a48cbdb4e298ac0ac23e2801639d40c91d4b06eec4923b6ad11dc'

[files.'.vscode/extensions-python.toml']
last_sync_time = '2026-06-01T20:21:56Z'
source_hash = ''
dest_hash = 'sha256:dbc56b9f8820669cbc3fe6a58d0ec500ced56ec5f1dd5b8c3110cf97bff0f4de'

[files.'.vscode/extensions-standard.toml']
last_sync_time = '2026-06-01T19:58:52Z'
source_hash = ''
dest_hash = 'sha256:036bd5cd077eddc5896822af6493fdffc27c91eaea2d18ed1649bd86a91bbc57'

[files.'.vscode/extensions.sh']
last_sync_time = '2026-06-01T19:58:52Z'
source_hash = ''
dest_hash = 'sha256:d525ead29cc7ddab318b5376924a61171fa7da3cdfa7d69203dacbf297eb2976'

[files.'.vscode/settings-llm.toml']
last_sync_time = '2026-06-01T19:58:53Z'
source_hash = ''
dest_hash = 'sha256:16f9fbe026773791456f7cc88fdcee0ce9783bca2d3d118b0a7acfc616cab421'

[files.'.vscode/settings-python.toml']
last_sync_time = '2026-06-01T20:16:58Z'
source_hash = ''
dest_hash = 'sha256:a5927999d6d83d8b369f7c514e509d6baef4303fe64808772217e2efd852c0f5'

[files.'.vscode/settings-standard.toml']
last_sync_time = '2026-06-01T19:58:53Z'
source_hash = ''
dest_hash = 'sha256:3982a90da7c8baa7534d242b8205690e4cbdff75e7ebcf2c1ad37a396b1bfce2'

[files.'.vscode/settings.sh']
last_sync_time = '2026-06-01T19:58:52Z'
source_hash = ''
dest_hash = 'sha256:40f8b9893bfc72b3efff1f2fe0c30f99387d6d7c39adfe0c581c419b95efa425'

[files.'.yamlfmt.yml']
last_sync_time = '2026-06-01T19:58:52Z'
source_hash = ''
dest_hash = 'sha256:976dc44e80ad09b5dc28fc020566782e9f9845371091f540b64628592f92c291'

[files.'Taskfile.dist.yml']
last_sync_time = '2026-06-01T22:39:19Z'
source_hash = ''
dest_hash = 'sha256:ff374d71f39feb67691b233a05af0f7c0fdb91056a958faa8632b2753ae0b1ba'

[files.'cliff.toml']
last_sync_time = '2026-06-01T23:02:05Z'
source_hash = ''
dest_hash = 'sha256:37d30c22b9b2079095d801d2267e0ce69413d98223363ef5ee0193c939ee57ca'

[files.'hk.pkl']
last_sync_time = '2026-06-01T20:46:52Z'
source_hash = ''
dest_hash = 'sha256:c2cf530dad120994960f850f576e065797e6d7e79a2dc5010a21d15c6e782895'

[files.'lychee.toml']
last_sync_time = '2026-06-01T19:58:52Z'
source_hash = ''
dest_hash = 'sha256:31a4e9bc01c9b28945f663c9013353c92210b0cbe8e0b0925c42938d715a8474'

[files.'osv-scanner.toml']
last_sync_time = '2026-06-01T19:58:52Z'
source_hash = ''
dest_hash = 'sha256:6dde1b2be039f8f81a099414f8e03802d5c55713cabac8bddba091892a9afd46'

[files.'tools/Brewfile.standard']
last_sync_time = '2026-06-01T19:58:59Z'
source_hash = ''
dest_hash = 'sha256:3ab6a9cc5cc06a92ed93f5ca68ea91a6ceaf5bcc99db353cd6e536e447efd318'

[files.'tools/Taskfile.admin.yml']
last_sync_time = '2026-06-01T19:58:53Z'
source_hash = ''
dest_hash = 'sha256:a051208ee7a4fb678bd6087bb457a6db2c032dded0d42dcc5711d5958c14fe42'

[files.'tools/Taskfile.gitconfig.yml']
last_sync_time = '2026-06-01T19:58:53Z'
source_hash = ''
dest_hash = 'sha256:6dc1e655240b962ffb8443ace29d2aae07004d1a9060b3d0f4e7fa6ac935d3a6'

[files.'tools/Taskfile.internal.yml']
last_sync_time = '2026-06-01T19:58:53Z'
source_hash = ''
dest_hash = 'sha256:caae117dfff2c1b464aad4861751f520f4371d9854dad97d3504aa7b43290b8b'

[files.'tools/Taskfile.python.yml']
last_sync_time = '2026-06-01T21:33:23Z'
source_hash = ''
dest_hash = 'sha256:6f603e77b153a400cabee3a91963f625fa333aede1a74e7ae05c793ea3fa87e5'

[files.'tools/ogvs.config.yaml']
last_sync_time = '2026-06-01T19:58:53Z'
source_hash = ''
dest_hash = 'sha256:903f8159e33bff2a4105915520eddf048ba713579727b50c40545771b620d9f9'
