version = 1
revision = 3
requires-python = ">=3.12"

[[package]]
name = "hypothesis"
version = "6.155.1"
source = { registry = "https://pypi.org/simple" }
dependencies = [
    { name = "sortedcontainers" },
]
sdist = { url = "https://files.pythonhosted.org/packages/49/ef/4a94c12429986a90076057513e084bf32106a9bdc62c8e29f58673dd85a2/hypothesis-6.155.1.tar.gz", hash = "sha256:07c102031612b98d7c1be15ca3608c43e1234d9d07e3a190a53fa01536700196", size = 477300, upload-time = "2026-05-29T23:12:57.515Z" }
wheels = [
    { url = "https://files.pythonhosted.org/packages/26/6e/8c9cf32201238617454303b1605dfa667d90cd1ef51226f92d9c2b3b8f7c/hypothesis-6.155.1-py3-none-any.whl", hash = "sha256:2753f469df3ba3c483b08e0c37dbcbc41d8316ebb921abcc07493ee9c8a7d187", size = 543715, upload-time = "2026-05-29T23:12:54.77Z" },
]

[[package]]
name = "ruff"
version = "0.15.15"
source = { registry = "https://pypi.org/simple" }
sdist = { url = "https://files.pythonhosted.org/packages/84/6f/a76f7d96e5c962f5b69cee865e49c15c1116897c01990faa8a57edb62e7f/ruff-0.15.15.tar.gz", hash = "sha256:b8dff018130b46d8e5bf0f926ef6b60cf871d6d5ae45fc9334e09632daa741d6", size = 4706985, upload-time = "2026-05-28T14:16:57.784Z" }
wheels = [
    { url = "https://files.pythonhosted.org/packages/fa/9d/3a45c05b8ab04b4705989de70a79008e27c8003296a0feaee9edc18dd7e9/ruff-0.15.15-py3-none-linux_armv6l.whl", hash = "sha256:cf93e5388f412e1b108b1f8b34a6e036b70fe8aff89393befad96fe48670311b", size = 10710652, upload-time = "2026-05-28T14:16:06.701Z" },
    { url = "https://files.pythonhosted.org/packages/05/66/da974431624bf3b49f6ee1f9543c02d929ff1cba78b0d5a79c38cf21f744/ruff-0.15.15-py3-none-macosx_10_12_x86_64.whl", hash = "sha256:ac5a646d1f6a7dadd5d50842dae2c1f9862ac887ef5d1b1375e02def791fde6e", size = 11096615, upload-time = "2026-05-28T14:16:23.313Z" },
    { url = "https://files.pythonhosted.org/packages/8c/09/7443452e5d290230a712103f2fdceeef7184f3ec99a2bd01c8be78aaceb5/ruff-0.15.15-py3-none-macosx_11_0_arm64.whl", hash = "sha256:77d955a431430c66f72dd94e379ad38a16daea3d25094872ac4edf9e797be530", size = 10436683, upload-time = "2026-05-28T14:16:40.974Z" },
    { url = "https://files.pythonhosted.org/packages/53/01/d330c26a57fa4f3943a14424904027428315b700fe4d14a84bb123a649e5/ruff-0.15.15-py3-none-manylinux_2_17_aarch64.manylinux2014_aarch64.whl", hash = "sha256:7614ee79c69788cf6cedd568069ade9cecc22a1ad20494efe8d0c9ebb4b622d4", size = 10769064, upload-time = "2026-05-28T14:16:28.905Z" },
    { url = "https://files.pythonhosted.org/packages/1d/85/cc8770f8bdff541b1da8392d1634141fe4a0e3f4ee596605959b7906c27f/ruff-0.15.15-py3-none-manylinux_2_17_armv7l.manylinux2014_armv7l.whl", hash = "sha256:3cdb1679e06a1f6b47bc384714ae96f6e2fb65ca441eb78c43d2ca554176ce1f", size = 10511987, upload-time = "2026-05-28T14:16:43.732Z" },
    { url = "https://files.pythonhosted.org/packages/7c/29/8c190c1472b63013583ba391f3342036e02010544c1270455ed8e519bdf3/ruff-0.15.15-py3-none-manylinux_2_17_i686.manylinux2014_i686.whl", hash = "sha256:2728b93d7b23a603ea2c0ac6eb73d760bd38ec9de35f35fb41e18f7a3fee7622", size = 11275100, upload-time = "2026-05-28T14:16:55.244Z" },
    { url = "https://files.pythonhosted.org/packages/9f/6b/7e145ce2cc8e63d6834eca03d83a0e18d121def5c69f91b4cf4011ed4879/ruff-0.15.15-py3-none-manylinux_2_17_ppc64le.manylinux2014_ppc64le.whl", hash = "sha256:be582fcc0db438902c7792b08d6ddf6c9b9e21addaa10092c2c741cfb09e5a45", size = 12176903, upload-time = "2026-05-28T14:16:14.368Z" },
    { url = "https://files.pythonhosted.org/packages/80/a3/d5974637f68e451f7fadf015cf3101d1cd7d8ba5027cffe0b9e3826ebe6b/ruff-0.15.15-py3-none-manylinux_2_17_s390x.manylinux2014_s390x.whl", hash = "sha256:7aa77465b8ecaf1a27bea098d696f7fed5e1eccbd10b321b682d6de586ae5627", size = 11404550, upload-time = "2026-05-28T14:16:20.138Z" },
    { url = "https://files.pythonhosted.org/packages/fe/1c/e6e5e568f22be4fb05d6244234aba384c06b451252453b821e1a529263cf/ruff-0.15.15-py3-none-manylinux_2_17_x86_64.manylinux2014_x86_64.whl", hash = "sha256:48decfa11d740de4889de623be1463308346312f2409a56e24aa280c86162dc4", size = 11382027, upload-time = "2026-05-28T14:16:46.615Z" },
    { url = "https://files.pythonhosted.org/packages/1d/01/170921b49fcd2e8858825593f91cf7146c3e40a5c3e6df763e4bb0484dde/ruff-0.15.15-py3-none-manylinux_2_31_riscv64.whl", hash = "sha256:a5015088452ca0081387063649ec67f06d3d1d6b8b936a1f836b5e9657ecd48c", size = 11366041, upload-time = "2026-05-28T14:16:26.247Z" },
    { url = "https://files.pythonhosted.org/packages/87/54/a7bad711d7de93254e15e06a4c375b89a03d18de45d3e5dcc86a4472fb1a/ruff-0.15.15-py3-none-musllinux_1_2_aarch64.whl", hash = "sha256:f5294aab6356c81600fcdea3a62bb1b924dfd5e91767c12318d3f68f86af57cd", size = 10741795, upload-time = "2026-05-28T14:16:17.11Z" },
    { url = "https://files.pythonhosted.org/packages/c9/31/38c075963668f8b41c6914ee0f6f318727fbe30ab9145cb29e6df464c5fa/ruff-0.15.15-py3-none-musllinux_1_2_armv7l.whl", hash = "sha256:db5bd4d802415cca656dc1616070b725952d6ae95eb5d4831e49fbd94a38f75f", size = 10511117, upload-time = "2026-05-28T14:16:31.767Z" },
    { url = "https://files.pythonhosted.org/packages/9d/96/6ff689e1f7e375d1d97075eca022f74c2bab59554a432fe4d2e6f091986a/ruff-0.15.15-py3-none-musllinux_1_2_i686.whl", hash = "sha256:587a6278ed42059191c1a466e490bd7930fb50bd2e255398bc29616c895a61cb", size = 10994867, upload-time = "2026-05-28T14:16:35.149Z" },
    { url = "https://files.pythonhosted.org/packages/c3/c2/5dce0ab9f92a8d534fa62b9bf9caca3eddb8c1a81b616f5e195ada4f0d6e/ruff-0.15.15-py3-none-musllinux_1_2_x86_64.whl", hash = "sha256:df0c1c084f5f4be9812f61518a45c440d3c30d69ce4bf6c5270e66d38338f02a", size = 11482101, upload-time = "2026-05-28T14:16:49.598Z" },
    { url = "https://files.pythonhosted.org/packages/b1/c0/1003b60edd697c649faf61f1a34094b1abb38fb3d1181e3f895781250a08/ruff-0.15.15-py3-none-win32.whl", hash = "sha256:29428ea79694afbe756d45fd59b36f22b6b020dc0443cf7de0173046236964b9", size = 10716774, upload-time = "2026-05-28T14:16:52.337Z" },
    { url = "https://files.pythonhosted.org/packages/02/a8/1269eddd6945a06c23f055ef7848886e37cf9d6a8bebb386a3115f01470c/ruff-0.15.15-py3-none-win_amd64.whl", hash = "sha256:8df0323902e15e24bc4bf246da830573d3cf3352bd0b9a164eab335d111ff4a4", size = 11868463, upload-time = "2026-05-28T14:16:11.333Z" },
    { url = "https://files.pythonhosted.org/packages/4e/b2/920464c907b191e37469d477a1aa8bc048b8f36c4c1610dfa4ab87b39e18/ruff-0.15.15-py3-none-win_arm64.whl", hash = "sha256:3c8ceca6792f38196b8f589bc92eccd03eef286602da92e5dc05cc42ef6441b7", size = 11138498, upload-time = "2026-05-28T14:16:38.425Z" },
]

[[package]]
name = "sortedcontainers"
version = "2.4.0"
source = { registry = "https://pypi.org/simple" }
sdist = { url = "https://files.pythonhosted.org/packages/e8/c4/ba2f8066cceb6f23394729afe52f3bf7adec04bf9ed2c820b39e19299111/sortedcontainers-2.4.0.tar.gz", hash = "sha256:25caa5a06cc30b6b83d11423433f65d1f9d76c4c6a0c90e3379eaa43b9bfdb88", size = 30594, upload-time = "2021-05-16T22:03:42.897Z" }
wheels = [
    { url = "https://files.pythonhosted.org/packages/32/46/9cb0e58b2deb7f82b84065f37f3bffeb12413f947f9388e4cac22c4621ce/sortedcontainers-2.4.0-py2.py3-none-any.whl", hash = "sha256:a163dcaede0f1c021485e957a39245190e74249897e2ae4b2aa38595db237ee0", size = 29575, upload-time = "2021-05-16T22:03:41.177Z" },
]

[[package]]
name = "tomlrs-cli"
version = "0.1.0"
source = { editable = "." }
dependencies = [
    { name = "tomlrt" },
]

[package.dev-dependencies]
dev = [
    { name = "hypothesis" },
    { name = "ruff" },
    { name = "tryke" },
    { name = "zuban" },
]

[package.metadata]
requires-dist = [{ name = "tomlrt", specifier = ">=1.7.2,<2" }]

[package.metadata.requires-dev]
dev = [
    { name = "hypothesis" },
    { name = "ruff" },
    { name = "tryke" },
    { name = "zuban" },
]

[[package]]
name = "tomlrt"
version = "1.7.2"
source = { registry = "https://pypi.org/simple" }
sdist = { url = "https://files.pythonhosted.org/packages/52/14/5730a598e86a27a4253fdb771f0cc7b732caf356ebe9892b3d32de6eab5b/tomlrt-1.7.2.tar.gz", hash = "sha256:bebcc983bbbc4985ab5633f96dda39c112356368bd9e0e9ddded32b7b518d78e", size = 289547, upload-time = "2026-06-01T21:41:38.781Z" }
wheels = [
    { url = "https://files.pythonhosted.org/packages/d8/28/bb5c125a7aa8982c84c471f6527b71316425e4278fc22bb9a82c1125f0b0/tomlrt-1.7.2-py3-none-any.whl", hash = "sha256:04d3000b8a9ef40a0c7672bcc7ca3354e21cc9864beb023b231e808021e47a8c", size = 128991, upload-time = "2026-06-01T21:41:37.148Z" },
]

[[package]]
name = "tryke"
version = "0.0.29"
source = { registry = "https://pypi.org/simple" }
wheels = [
    { url = "https://files.pythonhosted.org/packages/e7/ba/04bbd9220f3505176b75f30c09e4d03690a0dcf8b8c4304346cd5d007617/tryke-0.0.29-py3-none-macosx_11_0_arm64.whl", hash = "sha256:949d76447f0875175c40ebe4d56e43ab6e567194f19ff16d92e4902e24d23ba8", size = 4687260, upload-time = "2026-05-18T01:32:12.488Z" },
    { url = "https://files.pythonhosted.org/packages/13/37/475c32e87e0543b4ab8b861ec66236ca1c6fef63679c2ae571f3ec816deb/tryke-0.0.29-py3-none-manylinux_2_17_x86_64.manylinux2014_x86_64.whl", hash = "sha256:8aa1c8392db414a51ef5348d3ed604f274bcca9cf70b7e1b17fbdfc4bf1059bd", size = 5056732, upload-time = "2026-05-18T01:32:07.999Z" },
    { url = "https://files.pythonhosted.org/packages/06/53/61528e2ec84a7445b617d7fd7c88b9a0f03e759781d8b6b6bc3750d08f16/tryke-0.0.29-py3-none-win_amd64.whl", hash = "sha256:39745f7d89060d4a94daf103cdf342fbd4c3d3166913951c496c060f06593b2b", size = 4353079, upload-time = "2026-05-18T01:32:09.845Z" },
]

[[package]]
name = "zuban"
version = "0.8.0"
source = { registry = "https://pypi.org/simple" }
wheels = [
    { url = "https://files.pythonhosted.org/packages/39/55/8f0d8d7bceb2379b05fddc7be9c81742b925fa1554a6c49ffd726bfd96c9/zuban-0.8.0-py3-none-macosx_10_12_x86_64.whl", hash = "sha256:7bdfee5f25de73596d33b52c4a70bf8e898d58025f137d46e1e58141214e9ef0", size = 11462362, upload-time = "2026-06-01T20:47:10.554Z" },
    { url = "https://files.pythonhosted.org/packages/03/f8/bc91c29d1ef7783924a5489fdd5f52e8ddb15d6fcba0a6c10d11fd1cf76f/zuban-0.8.0-py3-none-macosx_11_0_arm64.whl", hash = "sha256:a94c9b543ded09323a6e7a3a084d8517394efb640fa1d5f26d7a72602f3b3d78", size = 11185478, upload-time = "2026-06-01T20:47:13Z" },
    { url = "https://files.pythonhosted.org/packages/5f/25/5ff820bdc7632a3529e5814c4ba0b632bfcb2665fc81b51e57fd13d0506d/zuban-0.8.0-py3-none-manylinux_2_17_aarch64.manylinux2014_aarch64.whl", hash = "sha256:55c918165f925ca4b512f2bc640c73a9cc0d9e047d504778ae54d29d232e0d87", size = 28348229, upload-time = "2026-06-01T20:47:15.508Z" },
    { url = "https://files.pythonhosted.org/packages/1b/08/163fb3f9ca7db70def70bd8fc7f6d5ab755cf535e79714a3e9025347e2b5/zuban-0.8.0-py3-none-manylinux_2_17_armv7l.manylinux2014_armv7l.whl", hash = "sha256:4b1ea2dec9c08802917f8598921bcbccfa8d6813fc67c5c64f0c6ade2acf2611", size = 28585592, upload-time = "2026-06-01T20:47:23.587Z" },
    { url = "https://files.pythonhosted.org/packages/fe/d9/6706614c27d537a24a57e39f2014b3e882aaa76014b971adca539e65c34c/zuban-0.8.0-py3-none-manylinux_2_17_i686.manylinux2014_i686.whl", hash = "sha256:05d2d864c173734f5fa35a0401fe115f795eefb0b76d81ea321cfac8ac20aafc", size = 29767593, upload-time = "2026-06-01T20:47:26.472Z" },
    { url = "https://files.pythonhosted.org/packages/61/99/c6fc6c1d83ecf3b091e5a69316bc4f20bfae4af6e76a6dbe914d61d45581/zuban-0.8.0-py3-none-manylinux_2_17_x86_64.manylinux2014_x86_64.whl", hash = "sha256:660e24fb6e303576d792b7ad35cb7219225714e508a5d98deedfb5fe819eb06e", size = 30847745, upload-time = "2026-06-01T20:47:29.519Z" },
    { url = "https://files.pythonhosted.org/packages/a7/5d/9c890710c546b63a80e23d791af9e6bfe50012d14bcc17b22277473d078f/zuban-0.8.0-py3-none-musllinux_1_2_aarch64.whl", hash = "sha256:541176e4d6189b9820f4c2a07aa8ecc1bd2c1c08f7476e6fb9f1817b7e0a2698", size = 28512622, upload-time = "2026-06-01T20:47:32.507Z" },
    { url = "https://files.pythonhosted.org/packages/51/7c/b58d26038b6604d2b5350ddc2dac431915cf55c1092b035f42f1ae353604/zuban-0.8.0-py3-none-musllinux_1_2_armv7l.whl", hash = "sha256:689b9bfc1ace6f860d92bf76dcf8f503ebc6e435ff338a040b5bd1053ef04d3e", size = 28988026, upload-time = "2026-06-01T20:47:35.663Z" },
    { url = "https://files.pythonhosted.org/packages/c7/26/77b8a838eb260f83db09dfddaaa644a34fdd369a30ba629d8d3c24f5a8da/zuban-0.8.0-py3-none-musllinux_1_2_i686.whl", hash = "sha256:39a354a6de27940c6fe018c41cce5c125acd94b54ce506400c014d9cde8cca12", size = 29644458, upload-time = "2026-06-01T20:47:41.175Z" },
    { url = "https://files.pythonhosted.org/packages/f0/87/585f121b458a4d4b1c8b24ec32cc503a5e1f1136347fa37d333559107ed6/zuban-0.8.0-py3-none-musllinux_1_2_x86_64.whl", hash = "sha256:17cf4696f3ec9ae94ba22dcf2d81f68414461e056eb53c4a6b24c55d85bab528", size = 29019746, upload-time = "2026-06-01T20:47:44.27Z" },
    { url = "https://files.pythonhosted.org/packages/c0/8b/74e697571bdf977d285eda4ce63f797e317a3f6856a1a74263523d0a7032/zuban-0.8.0-py3-none-win32.whl", hash = "sha256:b8a352ce1fe9f2d5b1912d45d84c4641de342222f64bb4c387c9bb514da3e22c", size = 10023250, upload-time = "2026-06-01T20:47:46.998Z" },
    { url = "https://files.pythonhosted.org/packages/3f/fa/81c6334558754a48b34204053d8a1a201a72e619d63dd6f9b2e0ac125230/zuban-0.8.0-py3-none-win_amd64.whl", hash = "sha256:a2d6d912b2c20d77ebd888a5abd354d55c99972ac36de6e36a74f1c8029ec40b", size = 10787311, upload-time = "2026-06-01T20:47:49.086Z" },
]
